
Microsoft Visual Studio Solution File, Format Version 12.00
# Visual Studio Version 16
VisualStudioVersion = 16.0.32106.194
MinimumVisualStudioVersion = 10.0.40219.1
Project("{9A19103F-16F7-4668-BE54-9A1E7A4F7556}") = "ITMO.Course.DBConnecting", "ITMO.Course.DBConnecting\ITMO.Course.DBConnecting.csproj", "{FC80FDCD-A638-4376-89BD-DAB35C7B5390}"
EndProject
Project("{FAE04EC0-301F-11D3-BF4B-00C04F79EFBC}") = "DBConnection", "DBConnection\DBConnection.csproj", "{033BC096-9BC6-4878-A1D3-582432208384}"
EndProject
Project("{FAE04EC0-301F-11D3-BF4B-00C04F79EFBC}") = "DBCommand", "DBCommand\DBCommand.csproj", "{4D5765CD-9154-48DB-9632-48469962564B}"
EndProject
Project("{FAE04EC0-301F-11D3-BF4B-00C04F79EFBC}") = "DatasetDesigner", "DatasetDesigner\DatasetDesigner.csproj", "{B63D63CF-3934-4B94-BA55-7548FDAD688B}"
EndProject
Project("{FAE04EC0-301F-11D3-BF4B-00C04F79EFBC}") = "CreatingDataTable", "CreatingDataTable\CreatingDataTable.csproj", "{2C233C0A-7DDD-4A14-9187-391838483961}"
EndProject
Project("{FAE04EC0-301F-11D3-BF4B-00C04F79EFBC}") = "DataAdapterProgram", "DataAdapterProgram\DataAdapterProgram.csproj", "{8C394DFD-FD11-45AB-970C-6900A15EF14B}"
EndProject
Project("{FAE04EC0-301F-11D3-BF4B-00C04F79EFBC}") = "DataAdapterWizard", "DataAdapterWizard\DataAdapterWizard.csproj", "{48654660-B3F8-4BA7-AD50-84E83BB14206}"
EndProject
Project("{FAE04EC0-301F-11D3-BF4B-00C04F79EFBC}") = "WorkingDataTable", "WorkingDataTable\WorkingDataTable.csproj", "{8F76D50A-1ABC-45A8-BA80-1754A31326C1}"
EndProject
Project("{FAE04EC0-301F-11D3-BF4B-00C04F79EFBC}") = "DataViewExample", "DataViewExample\DataViewExample.csproj", "{6FF225FB-F42D-43BE-9DD9-907C1746CCEB}"
EndProject
Global
	GlobalSection(SolutionConfigurationPlatforms) = preSolution
		Debug|Any CPU = Debug|Any CPU
		Release|Any CPU = Release|Any CPU
	EndGlobalSection
	GlobalSection(ProjectConfigurationPlatforms) = postSolution
		{FC80FDCD-A638-4376-89BD-DAB35C7B5390}.Debug|Any CPU.ActiveCfg = Debug|Any CPU
		{FC80FDCD-A638-4376-89BD-DAB35C7B5390}.Debug|Any CPU.Build.0 = Debug|Any CPU
		{FC80FDCD-A638-4376-89BD-DAB35C7B5390}.Release|Any CPU.ActiveCfg = Release|Any CPU
		{FC80FDCD-A638-4376-89BD-DAB35C7B5390}.Release|Any CPU.Build.0 = Release|Any CPU
		{033BC096-9BC6-4878-A1D3-582432208384}.Debug|Any CPU.ActiveCfg = Debug|Any CPU
		{033BC096-9BC6-4878-A1D3-582432208384}.Debug|Any CPU.Build.0 = Debug|Any CPU
		{033BC096-9BC6-4878-A1D3-582432208384}.Release|Any CPU.ActiveCfg = Release|Any CPU
		{033BC096-9BC6-4878-A1D3-582432208384}.Release|Any CPU.Build.0 = Release|Any CPU
		{4D5765CD-9154-48DB-9632-48469962564B}.Debug|Any CPU.ActiveCfg = Debug|Any CPU
		{4D5765CD-9154-48DB-9632-48469962564B}.Debug|Any CPU.Build.0 = Debug|Any CPU
		{4D5765CD-9154-48DB-9632-48469962564B}.Release|Any CPU.ActiveCfg = Release|Any CPU
		{4D5765CD-9154-48DB-9632-48469962564B}.Release|Any CPU.Build.0 = Release|Any CPU
		{B63D63CF-3934-4B94-BA55-7548FDAD688B}.Debug|Any CPU.ActiveCfg = Debug|Any CPU
		{B63D63CF-3934-4B94-BA55-7548FDAD688B}.Debug|Any CPU.Build.0 = Debug|Any CPU
		{B63D63CF-3934-4B94-BA55-7548FDAD688B}.Release|Any CPU.ActiveCfg = Release|Any CPU
		{B63D63CF-3934-4B94-BA55-7548FDAD688B}.Release|Any CPU.Build.0 = Release|Any CPU
		{2C233C0A-7DDD-4A14-9187-391838483961}.Debug|Any CPU.ActiveCfg = Debug|Any CPU
		{2C233C0A-7DDD-4A14-9187-391838483961}.Debug|Any CPU.Build.0 = Debug|Any CPU
		{2C233C0A-7DDD-4A14-9187-391838483961}.Release|Any CPU.ActiveCfg = Release|Any CPU
		{2C233C0A-7DDD-4A14-9187-391838483961}.Release|Any CPU.Build.0 = Release|Any CPU
		{8C394DFD-FD11-45AB-970C-6900A15EF14B}.Debug|Any CPU.ActiveCfg = Debug|Any CPU
		{8C394DFD-FD11-45AB-970C-6900A15EF14B}.Debug|Any CPU.Build.0 = Debug|Any CPU
		{8C394DFD-FD11-45AB-970C-6900A15EF14B}.Release|Any CPU.ActiveCfg = Release|Any CPU
		{8C394DFD-FD11-45AB-970C-6900A15EF14B}.Release|Any CPU.Build.0 = Release|Any CPU
		{48654660-B3F8-4BA7-AD50-84E83BB14206}.Debug|Any CPU.ActiveCfg = Debug|Any CPU
		{48654660-B3F8-4BA7-AD50-84E83BB14206}.Debug|Any CPU.Build.0 = Debug|Any CPU
		{48654660-B3F8-4BA7-AD50-84E83BB14206}.Release|Any CPU.ActiveCfg = Release|Any CPU
		{48654660-B3F8-4BA7-AD50-84E83BB14206}.Release|Any CPU.Build.0 = Release|Any CPU
		{8F76D50A-1ABC-45A8-BA80-1754A31326C1}.Debug|Any CPU.ActiveCfg = Debug|Any CPU
		{8F76D50A-1ABC-45A8-BA80-1754A31326C1}.Debug|Any CPU.Build.0 = Debug|Any CPU
		{8F76D50A-1ABC-45A8-BA80-1754A31326C1}.Release|Any CPU.ActiveCfg = Release|Any CPU
		{8F76D50A-1ABC-45A8-BA80-1754A31326C1}.Release|Any CPU.Build.0 = Release|Any CPU
		{6FF225FB-F42D-43BE-9DD9-907C1746CCEB}.Debug|Any CPU.ActiveCfg = Debug|Any CPU
		{6FF225FB-F42D-43BE-9DD9-907C1746CCEB}.Debug|Any CPU.Build.0 = Debug|Any CPU
		{6FF225FB-F42D-43BE-9DD9-907C1746CCEB}.Release|Any CPU.ActiveCfg = Release|Any CPU
		{6FF225FB-F42D-43BE-9DD9-907C1746CCEB}.Release|Any CPU.Build.0 = Release|Any CPU
	EndGlobalSection
	GlobalSection(SolutionProperties) = preSolution
		HideSolutionNode = FALSE
	EndGlobalSection
	GlobalSection(ExtensibilityGlobals) = postSolution
		SolutionGuid = {5699AEC7-666C-49B9-8904-EF03DF26E04A}
	EndGlobalSection
EndGlobal
